
Microsoft Visual Studio Solution File, Format Version 12.00
# Visual Studio Version 16
VisualStudioVersion = 16.0.30621.155
MinimumVisualStudioVersion = 10.0.40219.1
Project("{FAE04EC0-301F-11D3-BF4B-00C04F79EFBC}") = "AvaloniaLocalizationExample", "AvaloniaLocalizationExample\AvaloniaLocalizationExample.csproj", "{B5319E41-143F-454A-9ED9-800ABAAD72EA}"
EndProject
Global
	GlobalSection(SolutionConfigurationPlatforms) = preSolution
		Debug|Any CPU = Debug|Any CPU
		Release|Any CPU = Release|Any CPU
	EndGlobalSection
	GlobalSection(ProjectConfigurationPlatforms) = postSolution
		{B5319E41-143F-454A-9ED9-800ABAAD72EA}.Debug|Any CPU.ActiveCfg = Debug|Any CPU
		{B5319E41-143F-454A-9ED9-800ABAAD72EA}.Debug|Any CPU.Build.0 = Debug|Any CPU
		{B5319E41-143F-454A-9ED9-800ABAAD72EA}.Release|Any CPU.ActiveCfg = Release|Any CPU
		{B5319E41-143F-454A-9ED9-800ABAAD72EA}.Release|Any CPU.Build.0 = Release|Any CPU
	EndGlobalSection
	GlobalSection(SolutionProperties) = preSolution
		HideSolutionNode = FALSE
	EndGlobalSection
	GlobalSection(ExtensibilityGlobals) = postSolution
		SolutionGuid = {ED47CCD2-242F-4F7B-A40D-743B819BAAC8}
	EndGlobalSection
EndGlobal
